
Microsoft Visual Studio Solution File, Format Version 12.00
# Visual Studio 15
VisualStudioVersion = 15.0.26430.16
MinimumVisualStudioVersion = 10.0.40219.1
Project("{2150E333-8FDC-42A3-9474-1A3956D46DE8}") = "src", "src", "{E3A5C7DB-692B-4D82-BC37-6D81D39D6365}"
EndProject
Project("{2150E333-8FDC-42A3-9474-1A3956D46DE8}") = "global", "global", "{DF04DFC4-5381-40E9-AA0A-C7973FB031E2}"
	ProjectSection(SolutionItems) = preProject
		.gitattributes = .gitattributes
		.gitignore = .gitignore
		.travis.yml = .travis.yml
		icon.png = icon.png
		LICENSE = LICENSE
		README.md = README.md
	EndProjectSection
EndProject
Project("{2150E333-8FDC-42A3-9474-1A3956D46DE8}") = "test", "test", "{6CDD0F23-B527-4D1F-A5FA-2886010AA172}"
EndProject
Project("{2150E333-8FDC-42A3-9474-1A3956D46DE8}") = "docs", "docs", "{5462F9D6-0750-4ED3-B46A-9B0B5051BF8B}"
	ProjectSection(SolutionItems) = preProject
		docs\Home.md = docs\Home.md
		docs\NetServer.txt = docs\NetServer.txt
	EndProjectSection
EndProject
Project("{9A19103F-16F7-4668-BE54-9A1E7A4F7556}") = "Ether.Network", "src\Ether.Network\Ether.Network.csproj", "{7D878116-CEF9-4618-BF86-113E76BCD2E4}"
EndProject
Project("{9A19103F-16F7-4668-BE54-9A1E7A4F7556}") = "Ether.Network.Tests", "test\Ether.Network.Tests\Ether.Network.Tests.csproj", "{3851DF6B-8F22-4AF6-9D24-EC91934D7179}"
EndProject
Project("{2150E333-8FDC-42A3-9474-1A3956D46DE8}") = "scripts", "scripts", "{F7B316B7-BA9F-493A-A3E3-F07922A31FDD}"
	ProjectSection(SolutionItems) = preProject
		scripts\build nuget.sh = scripts\build nuget.sh
		scripts\build.sh = scripts\build.sh
		scripts\test.sh = scripts\test.sh
	EndProjectSection
EndProject
Project("{2150E333-8FDC-42A3-9474-1A3956D46DE8}") = "samples", "samples", "{ACE60C25-AA25-458E-AFD9-277CE861EC21}"
EndProject
Project("{9A19103F-16F7-4668-BE54-9A1E7A4F7556}") = "SampleServer", "samples\SampleServer\SampleServer.csproj", "{9ABFF9A6-CA4D-44B3-88CE-681B0FF9EDBF}"
EndProject
Project("{9A19103F-16F7-4668-BE54-9A1E7A4F7556}") = "SampleClient", "samples\SampleClient\SampleClient.csproj", "{97591391-9447-4FE9-8497-3C499195D9EC}"
EndProject
Global
	GlobalSection(SolutionConfigurationPlatforms) = preSolution
		Debug|Any CPU = Debug|Any CPU
		Release|Any CPU = Release|Any CPU
	EndGlobalSection
	GlobalSection(ProjectConfigurationPlatforms) = postSolution
		{7D878116-CEF9-4618-BF86-113E76BCD2E4}.Debug|Any CPU.ActiveCfg = Debug|Any CPU
		{7D878116-CEF9-4618-BF86-113E76BCD2E4}.Debug|Any CPU.Build.0 = Debug|Any CPU
		{7D878116-CEF9-4618-BF86-113E76BCD2E4}.Release|Any CPU.ActiveCfg = Release|Any CPU
		{7D878116-CEF9-4618-BF86-113E76BCD2E4}.Release|Any CPU.Build.0 = Release|Any CPU
		{3851DF6B-8F22-4AF6-9D24-EC91934D7179}.Debug|Any CPU.ActiveCfg = Debug|Any CPU
		{3851DF6B-8F22-4AF6-9D24-EC91934D7179}.Debug|Any CPU.Build.0 = Debug|Any CPU
		{3851DF6B-8F22-4AF6-9D24-EC91934D7179}.Release|Any CPU.ActiveCfg = Release|Any CPU
		{3851DF6B-8F22-4AF6-9D24-EC91934D7179}.Release|Any CPU.Build.0 = Release|Any CPU
		{9ABFF9A6-CA4D-44B3-88CE-681B0FF9EDBF}.Debug|Any CPU.ActiveCfg = Debug|Any CPU
		{9ABFF9A6-CA4D-44B3-88CE-681B0FF9EDBF}.Debug|Any CPU.Build.0 = Debug|Any CPU
		{9ABFF9A6-CA4D-44B3-88CE-681B0FF9EDBF}.Release|Any CPU.ActiveCfg = Release|Any CPU
		{9ABFF9A6-CA4D-44B3-88CE-681B0FF9EDBF}.Release|Any CPU.Build.0 = Release|Any CPU
		{97591391-9447-4FE9-8497-3C499195D9EC}.Debug|Any CPU.ActiveCfg = Debug|Any CPU
		{97591391-9447-4FE9-8497-3C499195D9EC}.Debug|Any CPU.Build.0 = Debug|Any CPU
		{97591391-9447-4FE9-8497-3C499195D9EC}.Release|Any CPU.ActiveCfg = Release|Any CPU
		{97591391-9447-4FE9-8497-3C499195D9EC}.Release|Any CPU.Build.0 = Release|Any CPU
	EndGlobalSection
	GlobalSection(SolutionProperties) = preSolution
		HideSolutionNode = FALSE
	EndGlobalSection
	GlobalSection(NestedProjects) = preSolution
		{7D878116-CEF9-4618-BF86-113E76BCD2E4} = {E3A5C7DB-692B-4D82-BC37-6D81D39D6365}
		{3851DF6B-8F22-4AF6-9D24-EC91934D7179} = {6CDD0F23-B527-4D1F-A5FA-2886010AA172}
		{9ABFF9A6-CA4D-44B3-88CE-681B0FF9EDBF} = {ACE60C25-AA25-458E-AFD9-277CE861EC21}
		{97591391-9447-4FE9-8497-3C499195D9EC} = {ACE60C25-AA25-458E-AFD9-277CE861EC21}
	EndGlobalSection
EndGlobal
